
Microsoft Visual Studio Solution File, Format Version 12.00
# Visual Studio Version 16
VisualStudioVersion = 16.0.33130.400
MinimumVisualStudioVersion = 10.0.40219.1
Project("{FAE04EC0-301F-11D3-BF4B-00C04F79EFBC}") = "EmployeeManagement", "EmployeeManagement.csproj", "{4FA6D719-0B35-4B12-9BA3-2F275B1C7F3C}"
EndProject
Global
	GlobalSection(SolutionConfigurationPlatforms) = preSolution
		Debug|Any CPU = Debug|Any CPU
		Release|Any CPU = Release|Any CPU
	EndGlobalSection
	GlobalSection(ProjectConfigurationPlatforms) = postSolution
		{4FA6D719-0B35-4B12-9BA3-2F275B1C7F3C}.Debug|Any CPU.ActiveCfg = Debug|Any CPU
		{4FA6D719-0B35-4B12-9BA3-2F275B1C7F3C}.Debug|Any CPU.Build.0 = Debug|Any CPU
		{4FA6D719-0B35-4B12-9BA3-2F275B1C7F3C}.Release|Any CPU.ActiveCfg = Release|Any CPU
		{4FA6D719-0B35-4B12-9BA3-2F275B1C7F3C}.Release|Any CPU.Build.0 = Release|Any CPU
	EndGlobalSection
	GlobalSection(SolutionProperties) = preSolution
		HideSolutionNode = FALSE
	EndGlobalSection
	GlobalSection(ExtensibilityGlobals) = postSolution
		SolutionGuid = {FFF1E245-19E5-4E8E-A761-BD50E252CDAE}
	EndGlobalSection
EndGlobal
